
Microsoft Visual Studio Solution File, Format Version 12.00
# Visual Studio Version 16
VisualStudioVersion = 16.0.31105.61
MinimumVisualStudioVersion = 10.0.40219.1
Project("{FAE04EC0-301F-11D3-BF4B-00C04F79EFBC}") = "DesignPatterns", "DesignPatterns\DesignPatterns.csproj", "{588A3D8C-32D8-4C2E-B4E8-865F11BCC2C6}"
EndProject
Project("{FAE04EC0-301F-11D3-BF4B-00C04F79EFBC}") = "Creational", "Creational\Creational.csproj", "{F5004421-EBCB-49F9-BEBC-4DB56665B63A}"
EndProject
Global
	GlobalSection(SolutionConfigurationPlatforms) = preSolution
		Debug|Any CPU = Debug|Any CPU
		Release|Any CPU = Release|Any CPU
	EndGlobalSection
	GlobalSection(ProjectConfigurationPlatforms) = postSolution
		{588A3D8C-32D8-4C2E-B4E8-865F11BCC2C6}.Debug|Any CPU.ActiveCfg = Debug|Any CPU
		{588A3D8C-32D8-4C2E-B4E8-865F11BCC2C6}.Debug|Any CPU.Build.0 = Debug|Any CPU
		{588A3D8C-32D8-4C2E-B4E8-865F11BCC2C6}.Release|Any CPU.ActiveCfg = Release|Any CPU
		{588A3D8C-32D8-4C2E-B4E8-865F11BCC2C6}.Release|Any CPU.Build.0 = Release|Any CPU
		{F5004421-EBCB-49F9-BEBC-4DB56665B63A}.Debug|Any CPU.ActiveCfg = Debug|Any CPU
		{F5004421-EBCB-49F9-BEBC-4DB56665B63A}.Debug|Any CPU.Build.0 = Debug|Any CPU
		{F5004421-EBCB-49F9-BEBC-4DB56665B63A}.Release|Any CPU.ActiveCfg = Release|Any CPU
		{F5004421-EBCB-49F9-BEBC-4DB56665B63A}.Release|Any CPU.Build.0 = Release|Any CPU
	EndGlobalSection
	GlobalSection(SolutionProperties) = preSolution
		HideSolutionNode = FALSE
	EndGlobalSection
	GlobalSection(ExtensibilityGlobals) = postSolution
		SolutionGuid = {17AFBAA8-6421-4E52-96E3-254026E4B153}
	EndGlobalSection
EndGlobal
